// !$*UTF8*$!
{
	archiveVersion = 1;
	classes = {
	};
	objectVersion = 55;
	objects = {

/* Begin PBXBuildFile section */
		A5404C522803613D00603B57 /* APoDApp.swift in Sources */ = {isa = PBXBuildFile; fileRef = A5404C512803613D00603B57 /* APoDApp.swift */; };
		A5404C542803613D00603B57 /* ContentView.swift in Sources */ = {isa = PBXBuildFile; fileRef = A5404C532803613D00603B57 /* ContentView.swift */; };
		A5404C562803613E00603B57 /* Assets.xcassets in Resources */ = {isa = PBXBuildFile; fileRef = A5404C552803613E00603B57 /* Assets.xcassets */; };
		A5404C592803613E00603B57 /* Preview Assets.xcassets in Resources */ = {isa = PBXBuildFile; fileRef = A5404C582803613E00603B57 /* Preview Assets.xcassets */; };
		A5404C632803618C00603B57 /* Network_Manager.swift in Sources */ = {isa = PBXBuildFile; fileRef = A5404C622803618C00603B57 /* Network_Manager.swift */; };
		A5404C652803624000603B57 /* Constants.swift in Sources */ = {isa = PBXBuildFile; fileRef = A5404C642803624000603B57 /* Constants.swift */; };
		A5404C672803633300603B57 /* URL_Maker.swift in Sources */ = {isa = PBXBuildFile; fileRef = A5404C662803633300603B57 /* URL_Maker.swift */; };
		A5404C69280366D800603B57 /* APoD_Today_View.swift in Sources */ = {isa = PBXBuildFile; fileRef = A5404C68280366D800603B57 /* APoD_Today_View.swift */; };
/* End PBXBuildFile section */

/* Begin PBXFileReference section */
		A5404C4E2803613D00603B57 /* APoD.app */ = {isa = PBXFileReference; explicitFileType = wrapper.application; includeInIndex = 0; path = APoD.app; sourceTree = BUILT_PRODUCTS_DIR; };
		A5404C512803613D00603B57 /* APoDApp.swift */ = {isa = PBXFileReference; lastKnownFileType = sourcecode.swift; path = APoDApp.swift; sourceTree = "<group>"; };
		A5404C532803613D00603B57 /* ContentView.swift */ = {isa = PBXFileReference; lastKnownFileType = sourcecode.swift; path = ContentView.swift; sourceTree = "<group>"; };
		A5404C552803613E00603B57 /* Assets.xcassets */ = {isa = PBXFileReference; lastKnownFileType = folder.assetcatalog; path = Assets.xcassets; sourceTree = "<group>"; };
		A5404C582803613E00603B57 /* Preview Assets.xcassets */ = {isa = PBXFileReference; lastKnownFileType = folder.assetcatalog; path = "Preview Assets.xcassets"; sourceTree = "<group>"; };
		A5404C622803618C00603B57 /* Network_Manager.swift */ = {isa = PBXFileReference; lastKnownFileType = sourcecode.swift; path = Network_Manager.swift; sourceTree = "<group>"; };
		A5404C642803624000603B57 /* Constants.swift */ = {isa = PBXFileReference; lastKnownFileType = sourcecode.swift; path = Constants.swift; sourceTree = "<group>"; };
		A5404C662803633300603B57 /* URL_Maker.swift */ = {isa = PBXFileReference; lastKnownFileType = sourcecode.swift; path = URL_Maker.swift; sourceTree = "<group>"; };
		A5404C68280366D800603B57 /* APoD_Today_View.swift */ = {isa = PBXFileReference; lastKnownFileType = sourcecode.swift; path = APoD_Today_View.swift; sourceTree = "<group>"; };
/* End PBXFileReference section */

/* Begin PBXFrameworksBuildPhase section */
		A5404C4B2803613D00603B57 /* Frameworks */ = {
			isa = PBXFrameworksBuildPhase;
			buildActionMask = 2147483647;
			files = (
			);
			runOnlyForDeploymentPostprocessing = 0;
		};
/* End PBXFrameworksBuildPhase section */

/* Begin PBXGroup section */
		A5404C452803613D00603B57 = {
			isa = PBXGroup;
			children = (
				A5404C502803613D00603B57 /* APoD */,
				A5404C4F2803613D00603B57 /* Products */,
			);
			sourceTree = "<group>";
		};
		A5404C4F2803613D00603B57 /* Products */ = {
			isa = PBXGroup;
			children = (
				A5404C4E2803613D00603B57 /* APoD.app */,
			);
			name = Products;
			sourceTree = "<group>";
		};
		A5404C502803613D00603B57 /* APoD */ = {
			isa = PBXGroup;
			children = (
				A5404C512803613D00603B57 /* APoDApp.swift */,
				A5404C532803613D00603B57 /* ContentView.swift */,
				A5404C612803617200603B57 /* View Models */,
				A5404C602803616D00603B57 /* Views */,
				A5404C5F2803616200603B57 /* Model */,
				A5404C552803613E00603B57 /* Assets.xcassets */,
				A5404C572803613E00603B57 /* Preview Content */,
			);
			path = APoD;
			sourceTree = "<group>";
		};
		A5404C572803613E00603B57 /* Preview Content */ = {
			isa = PBXGroup;
			children = (
				A5404C582803613E00603B57 /* Preview Assets.xcassets */,
			);
			path = "Preview Content";
			sourceTree = "<group>";
		};
		A5404C5F2803616200603B57 /* Model */ = {
			isa = PBXGroup;
			children = (
			);
			path = Model;
			sourceTree = "<group>";
		};
		A5404C602803616D00603B57 /* Views */ = {
			isa = PBXGroup;
			children = (
				A5404C68280366D800603B57 /* APoD_Today_View.swift */,
			);
			path = Views;
			sourceTree = "<group>";
		};
		A5404C612803617200603B57 /* View Models */ = {
			isa = PBXGroup;
			children = (
				A5404C622803618C00603B57 /* Network_Manager.swift */,
				A5404C642803624000603B57 /* Constants.swift */,
				A5404C662803633300603B57 /* URL_Maker.swift */,
			);
			path = "View Models";
			sourceTree = "<group>";
		};
/* End PBXGroup section */

/* Begin PBXNativeTarget section */
		A5404C4D2803613D00603B57 /* APoD */ = {
			isa = PBXNativeTarget;
			buildConfigurationList = A5404C5C2803613E00603B57 /* Build configuration list for PBXNativeTarget "APoD" */;
			buildPhases = (
				A5404C4A2803613D00603B57 /* Sources */,
				A5404C4B2803613D00603B57 /* Frameworks */,
				A5404C4C2803613D00603B57 /* Resources */,
			);
			buildRules = (
			);
			dependencies = (
			);
			name = APoD;
			productName = APoD;
			productReference = A5404C4E2803613D00603B57 /* APoD.app */;
			productType = "com.apple.product-type.application";
		};
/* End PBXNativeTarget section */

/* Begin PBXProject section */
		A5404C462803613D00603B57 /* Project object */ = {
			isa = PBXProject;
			attributes = {
				BuildIndependentTargetsInParallel = 1;
				LastSwiftUpdateCheck = 1320;
				LastUpgradeCheck = 1320;
				TargetAttributes = {
					A5404C4D2803613D00603B57 = {
						CreatedOnToolsVersion = 13.2.1;
					};
				};
			};
			buildConfigurationList = A5404C492803613D00603B57 /* Build configuration list for PBXProject "APoD" */;
			compatibilityVersion = "Xcode 13.0";
			developmentRegion = en;
			hasScannedForEncodings = 0;
			knownRegions = (
				en,
				Base,
			);
			mainGroup = A5404C452803613D00603B57;
			productRefGroup = A5404C4F2803613D00603B57 /* Products */;
			projectDirPath = "";
			projectRoot = "";
			targets = (
				A5404C4D2803613D00603B57 /* APoD */,
			);
		};
/* End PBXProject section */

/* Begin PBXResourcesBuildPhase section */
		A5404C4C2803613D00603B57 /* Resources */ = {
			isa = PBXResourcesBuildPhase;
			buildActionMask = 2147483647;
			files = (
				A5404C592803613E00603B57 /* Preview Assets.xcassets in Resources */,
				A5404C562803613E00603B57 /* Assets.xcassets in Resources */,
			);
			runOnlyForDeploymentPostprocessing = 0;
		};
/* End PBXResourcesBuildPhase section */

/* Begin PBXSourcesBuildPhase section */
		A5404C4A2803613D00603B57 /* Sources */ = {
			isa = PBXSourcesBuildPhase;
			buildActionMask = 2147483647;
			files = (
				A5404C542803613D00603B57 /* ContentView.swift in Sources */,
				A5404C632803618C00603B57 /* Network_Manager.swift in Sources */,
				A5404C672803633300603B57 /* URL_Maker.swift in Sources */,
				A5404C522803613D00603B57 /* APoDApp.swift in Sources */,
				A5404C69280366D800603B57 /* APoD_Today_View.swift in Sources */,
				A5404C652803624000603B57 /* Constants.swift in Sources */,
			);
			runOnlyForDeploymentPostprocessing = 0;
		};
/* End PBXSourcesBuildPhase section */

/* Begin XCBuildConfiguration section */
		A5404C5A2803613E00603B57 /* Debug */ = {
			isa = XCBuildConfiguration;
			buildSettings = {
				ALWAYS_SEARCH_USER_PATHS = NO;
				CLANG_ANALYZER_NONNULL = YES;
				CLANG_ANALYZER_NUMBER_OBJECT_CONVERSION = YES_AGGRESSIVE;
				CLANG_CXX_LANGUAGE_STANDARD = "gnu++17";
				CLANG_CXX_LIBRARY = "libc++";
				CLANG_ENABLE_MODULES = YES;
				CLANG_ENABLE_OBJC_ARC = YES;
				CLANG_ENABLE_OBJC_WEAK = YES;
				CLANG_WARN_BLOCK_CAPTURE_AUTORELEASING = YES;
				CLANG_WARN_BOOL_CONVERSION = YES;
				CLANG_WARN_COMMA = YES;
				CLANG_WARN_CONSTANT_CONVERSION = YES;
				CLANG_WARN_DEPRECATED_OBJC_IMPLEMENTATIONS = YES;
				CLANG_WARN_DIRECT_OBJC_ISA_USAGE = YES_ERROR;
				CLANG_WARN_DOCUMENTATION_COMMENTS = YES;
				CLANG_WARN_EMPTY_BODY = YES;
				CLANG_WARN_ENUM_CONVERSION = YES;
				CLANG_WARN_INFINITE_RECURSION = YES;
				CLANG_WARN_INT_CONVERSION = YES;
				CLANG_WARN_NON_LITERAL_NULL_CONVERSION = YES;
				CLANG_WARN_OBJC_IMPLICIT_RETAIN_SELF = YES;
				CLANG_WARN_OBJC_LITERAL_CONVERSION = YES;
				CLANG_WARN_OBJC_ROOT_CLASS = YES_ERROR;
				CLANG_WARN_QUOTED_INCLUDE_IN_FRAMEWORK_HEADER = YES;
				CLANG_WARN_RANGE_LOOP_ANALYSIS = YES;
				CLANG_WARN_STRICT_PROTOTYPES = YES;
				CLANG_WARN_SUSPICIOUS_MOVE = YES;
				CLANG_WARN_UNGUARDED_AVAILABILITY = YES_AGGRESSIVE;
				CLANG_WARN_UNREACHABLE_CODE = YES;
				CLANG_WARN__DUPLICATE_METHOD_MATCH = YES;
				COPY_PHASE_STRIP = NO;
				DEBUG_INFORMATION_FORMAT = dwarf;
				ENABLE_STRICT_OBJC_MSGSEND = YES;
				ENABLE_TESTABILITY = YES;
				GCC_C_LANGUAGE_STANDARD = gnu11;
				GCC_DYNAMIC_NO_PIC = NO;
				GCC_NO_COMMON_BLOCKS = YES;
				GCC_OPTIMIZATION_LEVEL = 0;
				GCC_PREPROCESSOR_DEFINITIONS = (
					"DEBUG=1",
					"$(inherited)",
				);
				GCC_WARN_64_TO_32_BIT_CONVERSION = YES;
				GCC_WARN_ABOUT_RETURN_TYPE = YES_ERROR;
				GCC_WARN_UNDECLARED_SELECTOR = YES;
				GCC_WARN_UNINITIALIZED_AUTOS = YES_AGGRESSIVE;
				GCC_WARN_UNUSED_FUNCTION = YES;
				GCC_WARN_UNUSED_VARIABLE = YES;
				IPHONEOS_DEPLOYMENT_TARGET = 15.2;
				MTL_ENABLE_DEBUG_INFO = INCLUDE_SOURCE;
				MTL_FAST_MATH = YES;
				ONLY_ACTIVE_ARCH = YES;
				SDKROOT = iphoneos;
				SWIFT_ACTIVE_COMPILATION_CONDITIONS = DEBUG;
				SWIFT_OPTIMIZATION_LEVEL = "-Onone";
			};
			name = Debug;
		};
		A5404C5B2803613E00603B57 /* Release */ = {
			isa = XCBuildConfiguration;
			buildSettings = {
				ALWAYS_SEARCH_USER_PATHS = NO;
				CLANG_ANALYZER_NONNULL = YES;
				CLANG_ANALYZER_NUMBER_OBJECT_CONVERSION = YES_AGGRESSIVE;
				CLANG_CXX_LANGUAGE_STANDARD = "gnu++17";
				CLANG_CXX_LIBRARY = "libc++";
				CLANG_ENABLE_MODULES = YES;
				CLANG_ENABLE_OBJC_ARC = YES;
				CLANG_ENABLE_OBJC_WEAK = YES;
				CLANG_WARN_BLOCK_CAPTURE_AUTORELEASING = YES;
				CLANG_WARN_BOOL_CONVERSION = YES;
				CLANG_WARN_COMMA = YES;
				CLANG_WARN_CONSTANT_CONVERSION = YES;
				CLANG_WARN_DEPRECATED_OBJC_IMPLEMENTATIONS = YES;
				CLANG_WARN_DIRECT_OBJC_ISA_USAGE = YES_ERROR;
				CLANG_WARN_DOCUMENTATION_COMMENTS = YES;
				CLANG_WARN_EMPTY_BODY = YES;
				CLANG_WARN_ENUM_CONVERSION = YES;
				CLANG_WARN_INFINITE_RECURSION = YES;
				CLANG_WARN_INT_CONVERSION = YES;
				CLANG_WARN_NON_LITERAL_NULL_CONVERSION = YES;
				CLANG_WARN_OBJC_IMPLICIT_RETAIN_SELF = YES;
				CLANG_WARN_OBJC_LITERAL_CONVERSION = YES;
				CLANG_WARN_OBJC_ROOT_CLASS = YES_ERROR;
				CLANG_WARN_QUOTED_INCLUDE_IN_FRAMEWORK_HEADER = YES;
				CLANG_WARN_RANGE_LOOP_ANALYSIS = YES;
				CLANG_WARN_STRICT_PROTOTYPES = YES;
				CLANG_WARN_SUSPICIOUS_MOVE = YES;
				CLANG_WARN_UNGUARDED_AVAILABILITY = YES_AGGRESSIVE;
				CLANG_WARN_UNREACHABLE_CODE = YES;
				CLANG_WARN__DUPLICATE_METHOD_MATCH = YES;
				COPY_PHASE_STRIP = NO;
				DEBUG_INFORMATION_FORMAT = "dwarf-with-dsym";
				ENABLE_NS_ASSERTIONS = NO;
				ENABLE_STRICT_OBJC_MSGSEND = YES;
				GCC_C_LANGUAGE_STANDARD = gnu11;
				GCC_NO_COMMON_BLOCKS = YES;
				GCC_WARN_64_TO_32_BIT_CONVERSION = YES;
				GCC_WARN_ABOUT_RETURN_TYPE = YES_ERROR;
				GCC_WARN_UNDECLARED_SELECTOR = YES;
				GCC_WARN_UNINITIALIZED_AUTOS = YES_AGGRESSIVE;
				GCC_WARN_UNUSED_FUNCTION = YES;
				GCC_WARN_UNUSED_VARIABLE = YES;
				IPHONEOS_DEPLOYMENT_TARGET = 15.2;
				MTL_ENABLE_DEBUG_INFO = NO;
				MTL_FAST_MATH = YES;
				SDKROOT = iphoneos;
				SWIFT_COMPILATION_MODE = wholemodule;
				SWIFT_OPTIMIZATION_LEVEL = "-O";
				VALIDATE_PRODUCT = YES;
			};
			name = Release;
		};
		A5404C5D2803613E00603B57 /* Debug */ = {
			isa = XCBuildConfiguration;
			buildSettings = {
				ASSETCATALOG_COMPILER_APPICON_NAME = AppIcon;
				ASSETCATALOG_COMPILER_GLOBAL_ACCENT_COLOR_NAME = AccentColor;
				CODE_SIGN_STYLE = Automatic;
				CURRENT_PROJECT_VERSION = 1;
				DEVELOPMENT_ASSET_PATHS = "\"APoD/Preview Content\"";
				DEVELOPMENT_TEAM = JVXNC4564V;
				ENABLE_PREVIEWS = YES;
				GENERATE_INFOPLIST_FILE = YES;
				INFOPLIST_KEY_UIApplicationSceneManifest_Generation = YES;
				INFOPLIST_KEY_UIApplicationSupportsIndirectInputEvents = YES;
				INFOPLIST_KEY_UILaunchScreen_Generation = YES;
				INFOPLIST_KEY_UISupportedInterfaceOrientations_iPad = "UIInterfaceOrientationPortrait UIInterfaceOrientationPortraitUpsideDown UIInterfaceOrientationLandscapeLeft UIInterfaceOrientationLandscapeRight";
				INFOPLIST_KEY_UISupportedInterfaceOrientations_iPhone = "UIInterfaceOrientationPortrait UIInterfaceOrientationLandscapeLeft UIInterfaceOrientationLandscapeRight";
				LD_RUNPATH_SEARCH_PATHS = (
					"$(inherited)",
					"@executable_path/Frameworks",
				);
				MARKETING_VERSION = 1.0;
				PRODUCT_BUNDLE_IDENTIFIER = com.ronnyvaltonen.APoD;
				PRODUCT_NAME = "$(TARGET_NAME)";
				SWIFT_EMIT_LOC_STRINGS = YES;
				SWIFT_VERSION = 5.0;
				TARGETED_DEVICE_FAMILY = "1,2";
			};
			name = Debug;
		};
		A5404C5E2803613E00603B57 /* Release */ = {
			isa = XCBuildConfiguration;
			buildSettings = {
				ASSETCATALOG_COMPILER_APPICON_NAME = AppIcon;
				ASSETCATALOG_COMPILER_GLOBAL_ACCENT_COLOR_NAME = AccentColor;
				CODE_SIGN_STYLE = Automatic;
				CURRENT_PROJECT_VERSION = 1;
				DEVELOPMENT_ASSET_PATHS = "\"APoD/Preview Content\"";
				DEVELOPMENT_TEAM = JVXNC4564V;
				ENABLE_PREVIEWS = YES;
				GENERATE_INFOPLIST_FILE = YES;
				INFOPLIST_KEY_UIApplicationSceneManifest_Generation = YES;
				INFOPLIST_KEY_UIApplicationSupportsIndirectInputEvents = YES;
				INFOPLIST_KEY_UILaunchScreen_Generation = YES;
				INFOPLIST_KEY_UISupportedInterfaceOrientations_iPad = "UIInterfaceOrientationPortrait UIInterfaceOrientationPortraitUpsideDown UIInterfaceOrientationLandscapeLeft UIInterfaceOrientationLandscapeRight";
				INFOPLIST_KEY_UISupportedInterfaceOrientations_iPhone = "UIInterfaceOrientationPortrait UIInterfaceOrientationLandscapeLeft UIInterfaceOrientationLandscapeRight";
				LD_RUNPATH_SEARCH_PATHS = (
					"$(inherited)",
					"@executable_path/Frameworks",
				);
				MARKETING_VERSION = 1.0;
				PRODUCT_BUNDLE_IDENTIFIER = com.ronnyvaltonen.APoD;
				PRODUCT_NAME = "$(TARGET_NAME)";
				SWIFT_EMIT_LOC_STRINGS = YES;
				SWIFT_VERSION = 5.0;
				TARGETED_DEVICE_FAMILY = "1,2";
			};
			name = Release;
		};
/* End XCBuildConfiguration section */

/* Begin XCConfigurationList section */
		A5404C492803613D00603B57 /* Build configuration list for PBXProject "APoD" */ = {
			isa = XCConfigurationList;
			buildConfigurations = (
				A5404C5A2803613E00603B57 /* Debug */,
				A5404C5B2803613E00603B57 /* Release */,
			);
			defaultConfigurationIsVisible = 0;
			defaultConfigurationName = Release;
		};
		A5404C5C2803613E00603B57 /* Build configuration list for PBXNativeTarget "APoD" */ = {
			isa = XCConfigurationList;
			buildConfigurations = (
				A5404C5D2803613E00603B57 /* Debug */,
				A5404C5E2803613E00603B57 /* Release */,
			);
			defaultConfigurationIsVisible = 0;
			defaultConfigurationName = Release;
		};
/* End XCConfigurationList section */
	};
	rootObject = A5404C462803613D00603B57 /* Project object */;
}
